
Microsoft Visual Studio Solution File, Format Version 12.00
# Visual Studio Version 18
VisualStudioVersion = 18.0.11104.47 d18.0
MinimumVisualStudioVersion = 10.0.40219.1
Project("{FAE04EC0-301F-11D3-BF4B-00C04F79EFBC}") = "CaraCara.API", "CaraCara.API\CaraCara.API.csproj", "{B85A2CBF-4867-4EED-A5C9-2AC26FF9529D}"
EndProject
Project("{FAE04EC0-301F-11D3-BF4B-00C04F79EFBC}") = "CaraCara.Domain", "CaraCara.Domain\CaraCara.Domain.csproj", "{BACAE8CC-0AD3-424B-AADA-9AE5D187447B}"
EndProject
Project("{FAE04EC0-301F-11D3-BF4B-00C04F79EFBC}") = "CaraCara.Application", "CaraCara.Application\CaraCara.Application.csproj", "{900B460A-049F-42B0-9084-66FC248F826E}"
EndProject
Project("{FAE04EC0-301F-11D3-BF4B-00C04F79EFBC}") = "CaraCara.Infrastructure", "CaraCara.Infrastructure\CaraCara.Infrastructure.csproj", "{21F38E30-0CF3-4C4A-A3CE-36047574AAF3}"
EndProject
Project("{D954291E-2A0B-460D-934E-DC6B0785DB48}") = "CaraCara.SharedSettings", "CaraCara.SharedSettings\CaraCara.SharedSettings.shproj", "{BD004B23-ED2C-44C2-A317-827B9576E473}"
EndProject
Global
	GlobalSection(SolutionConfigurationPlatforms) = preSolution
		Debug|Any CPU = Debug|Any CPU
		Release|Any CPU = Release|Any CPU
	EndGlobalSection
	GlobalSection(ProjectConfigurationPlatforms) = postSolution
		{B85A2CBF-4867-4EED-A5C9-2AC26FF9529D}.Debug|Any CPU.ActiveCfg = Debug|Any CPU
		{B85A2CBF-4867-4EED-A5C9-2AC26FF9529D}.Debug|Any CPU.Build.0 = Debug|Any CPU
		{B85A2CBF-4867-4EED-A5C9-2AC26FF9529D}.Release|Any CPU.ActiveCfg = Release|Any CPU
		{B85A2CBF-4867-4EED-A5C9-2AC26FF9529D}.Release|Any CPU.Build.0 = Release|Any CPU
		{BACAE8CC-0AD3-424B-AADA-9AE5D187447B}.Debug|Any CPU.ActiveCfg = Debug|Any CPU
		{BACAE8CC-0AD3-424B-AADA-9AE5D187447B}.Debug|Any CPU.Build.0 = Debug|Any CPU
		{BACAE8CC-0AD3-424B-AADA-9AE5D187447B}.Release|Any CPU.ActiveCfg = Release|Any CPU
		{BACAE8CC-0AD3-424B-AADA-9AE5D187447B}.Release|Any CPU.Build.0 = Release|Any CPU
		{900B460A-049F-42B0-9084-66FC248F826E}.Debug|Any CPU.ActiveCfg = Debug|Any CPU
		{900B460A-049F-42B0-9084-66FC248F826E}.Debug|Any CPU.Build.0 = Debug|Any CPU
		{900B460A-049F-42B0-9084-66FC248F826E}.Release|Any CPU.ActiveCfg = Release|Any CPU
		{900B460A-049F-42B0-9084-66FC248F826E}.Release|Any CPU.Build.0 = Release|Any CPU
		{21F38E30-0CF3-4C4A-A3CE-36047574AAF3}.Debug|Any CPU.ActiveCfg = Debug|Any CPU
		{21F38E30-0CF3-4C4A-A3CE-36047574AAF3}.Debug|Any CPU.Build.0 = Debug|Any CPU
		{21F38E30-0CF3-4C4A-A3CE-36047574AAF3}.Release|Any CPU.ActiveCfg = Release|Any CPU
		{21F38E30-0CF3-4C4A-A3CE-36047574AAF3}.Release|Any CPU.Build.0 = Release|Any CPU
	EndGlobalSection
	GlobalSection(SolutionProperties) = preSolution
		HideSolutionNode = FALSE
	EndGlobalSection
	GlobalSection(ExtensibilityGlobals) = postSolution
		SolutionGuid = {00703FA3-875B-4E43-9909-5743EA9749F5}
	EndGlobalSection
	GlobalSection(SharedMSBuildProjectFiles) = preSolution
		CaraCara.SharedSettings\CaraCara.SharedSettings.projitems*{b85a2cbf-4867-4eed-a5c9-2ac26ff9529d}*SharedItemsImports = 5
		CaraCara.SharedSettings\CaraCara.SharedSettings.projitems*{bd004b23-ed2c-44c2-a317-827b9576e473}*SharedItemsImports = 13
	EndGlobalSection
EndGlobal
